// !$*UTF8*$!
{
	archiveVersion = 1;
	classes = {
	};
	objectVersion = 48;
	objects = {

/* Begin PBXBuildFile section */
		AA1BAD7220327E40006C43FF /* CategoryPickerViewControllerTableViewController.swift in Sources */ = {isa = PBXBuildFile; fileRef = AA1BAD7120327E40006C43FF /* CategoryPickerViewControllerTableViewController.swift */; };
		AA1BAD74203298A6006C43FF /* HudView.swift in Sources */ = {isa = PBXBuildFile; fileRef = AA1BAD73203298A6006C43FF /* HudView.swift */; };
		AA1BAD792032B119006C43FF /* DataModel.xcdatamodeld in Sources */ = {isa = PBXBuildFile; fileRef = AA1BAD772032B119006C43FF /* DataModel.xcdatamodeld */; };
		AA1BAD7C2032B304006C43FF /* Location+CoreDataClass.swift in Sources */ = {isa = PBXBuildFile; fileRef = AA1BAD7A2032B304006C43FF /* Location+CoreDataClass.swift */; };
		AA1BAD7D2032B304006C43FF /* Location+CoreDataProperties.swift in Sources */ = {isa = PBXBuildFile; fileRef = AA1BAD7B2032B304006C43FF /* Location+CoreDataProperties.swift */; };
		AA1BAD7F2032B8A2006C43FF /* Functions.swift in Sources */ = {isa = PBXBuildFile; fileRef = AA1BAD7E2032B8A2006C43FF /* Functions.swift */; };
		AA1C22EE2033A8A60068A79D /* LocationsViewController.swift in Sources */ = {isa = PBXBuildFile; fileRef = AA1C22ED2033A8A60068A79D /* LocationsViewController.swift */; };
		AA1C22F32033B9080068A79D /* SubTitleTableViewCell.swift in Sources */ = {isa = PBXBuildFile; fileRef = AA1C22F22033B9080068A79D /* SubTitleTableViewCell.swift */; };
		AA1C22F52033E8920068A79D /* MapViewController.swift in Sources */ = {isa = PBXBuildFile; fileRef = AA1C22F42033E8920068A79D /* MapViewController.swift */; };
		AA1C22F82033EA440068A79D /* MapKit.framework in Frameworks */ = {isa = PBXBuildFile; fileRef = AA1C22F72033EA440068A79D /* MapKit.framework */; };
		AA1D4A0D202D64FD00E6221D /* AppDelegate.swift in Sources */ = {isa = PBXBuildFile; fileRef = AA1D4A0C202D64FD00E6221D /* AppDelegate.swift */; };
		AA1D4A0F202D64FD00E6221D /* CurrentLocationController.swift in Sources */ = {isa = PBXBuildFile; fileRef = AA1D4A0E202D64FD00E6221D /* CurrentLocationController.swift */; };
		AA1D4A11202D64FD00E6221D /* LocationDetailsViewController.swift in Sources */ = {isa = PBXBuildFile; fileRef = AA1D4A10202D64FD00E6221D /* LocationDetailsViewController.swift */; };
		AA1D4A16202D64FD00E6221D /* Assets.xcassets in Resources */ = {isa = PBXBuildFile; fileRef = AA1D4A15202D64FD00E6221D /* Assets.xcassets */; };
		AA1D4A21202D6AD600E6221D /* Launch Screen.storyboard in Resources */ = {isa = PBXBuildFile; fileRef = AA1D4A20202D6AD600E6221D /* Launch Screen.storyboard */; };
		AA3F3FB62031645700920014 /* SelectViaViewTableViewCell.swift in Sources */ = {isa = PBXBuildFile; fileRef = AA3F3FB42031645700920014 /* SelectViaViewTableViewCell.swift */; };
		AA3F3FB72031645700920014 /* DoubleLabelTableViewCell.swift in Sources */ = {isa = PBXBuildFile; fileRef = AA3F3FB52031645700920014 /* DoubleLabelTableViewCell.swift */; };
		AA3F3FB9203164DB00920014 /* TextViewTableViewCell.swift in Sources */ = {isa = PBXBuildFile; fileRef = AA3F3FB8203164DB00920014 /* TextViewTableViewCell.swift */; };
/* End PBXBuildFile section */

/* Begin PBXFileReference section */
		AA1BAD7120327E40006C43FF /* CategoryPickerViewControllerTableViewController.swift */ = {isa = PBXFileReference; lastKnownFileType = sourcecode.swift; path = CategoryPickerViewControllerTableViewController.swift; sourceTree = "<group>"; };
		AA1BAD73203298A6006C43FF /* HudView.swift */ = {isa = PBXFileReference; lastKnownFileType = sourcecode.swift; path = HudView.swift; sourceTree = "<group>"; };
		AA1BAD782032B119006C43FF /* Model.xcdatamodel */ = {isa = PBXFileReference; lastKnownFileType = wrapper.xcdatamodel; path = Model.xcdatamodel; sourceTree = "<group>"; };
		AA1BAD7A2032B304006C43FF /* Location+CoreDataClass.swift */ = {isa = PBXFileReference; lastKnownFileType = sourcecode.swift; path = "Location+CoreDataClass.swift"; sourceTree = "<group>"; };
		AA1BAD7B2032B304006C43FF /* Location+CoreDataProperties.swift */ = {isa = PBXFileReference; lastKnownFileType = sourcecode.swift; path = "Location+CoreDataProperties.swift"; sourceTree = "<group>"; };
		AA1BAD7E2032B8A2006C43FF /* Functions.swift */ = {isa = PBXFileReference; lastKnownFileType = sourcecode.swift; path = Functions.swift; sourceTree = "<group>"; };
		AA1C22ED2033A8A60068A79D /* LocationsViewController.swift */ = {isa = PBXFileReference; lastKnownFileType = sourcecode.swift; path = LocationsViewController.swift; sourceTree = "<group>"; };
		AA1C22F22033B9080068A79D /* SubTitleTableViewCell.swift */ = {isa = PBXFileReference; lastKnownFileType = sourcecode.swift; path = SubTitleTableViewCell.swift; sourceTree = "<group>"; };
		AA1C22F42033E8920068A79D /* MapViewController.swift */ = {isa = PBXFileReference; lastKnownFileType = sourcecode.swift; path = MapViewController.swift; sourceTree = "<group>"; };
		AA1C22F72033EA440068A79D /* MapKit.framework */ = {isa = PBXFileReference; lastKnownFileType = wrapper.framework; name = MapKit.framework; path = System/Library/Frameworks/MapKit.framework; sourceTree = SDKROOT; };
		AA1D4A09202D64FD00E6221D /* MyLocations.app */ = {isa = PBXFileReference; explicitFileType = wrapper.application; includeInIndex = 0; path = MyLocations.app; sourceTree = BUILT_PRODUCTS_DIR; };
		AA1D4A0C202D64FD00E6221D /* AppDelegate.swift */ = {isa = PBXFileReference; lastKnownFileType = sourcecode.swift; path = AppDelegate.swift; sourceTree = "<group>"; };
		AA1D4A0E202D64FD00E6221D /* CurrentLocationController.swift */ = {isa = PBXFileReference; lastKnownFileType = sourcecode.swift; path = CurrentLocationController.swift; sourceTree = "<group>"; };
		AA1D4A10202D64FD00E6221D /* LocationDetailsViewController.swift */ = {isa = PBXFileReference; lastKnownFileType = sourcecode.swift; path = LocationDetailsViewController.swift; sourceTree = "<group>"; };
		AA1D4A15202D64FD00E6221D /* Assets.xcassets */ = {isa = PBXFileReference; lastKnownFileType = folder.assetcatalog; path = Assets.xcassets; sourceTree = "<group>"; };
		AA1D4A1A202D64FD00E6221D /* Info.plist */ = {isa = PBXFileReference; lastKnownFileType = text.plist.xml; path = Info.plist; sourceTree = "<group>"; };
		AA1D4A20202D6AD600E6221D /* Launch Screen.storyboard */ = {isa = PBXFileReference; lastKnownFileType = file.storyboard; path = "Launch Screen.storyboard"; sourceTree = "<group>"; };
		AA3F3FB42031645700920014 /* SelectViaViewTableViewCell.swift */ = {isa = PBXFileReference; fileEncoding = 4; lastKnownFileType = sourcecode.swift; path = SelectViaViewTableViewCell.swift; sourceTree = "<group>"; };
		AA3F3FB52031645700920014 /* DoubleLabelTableViewCell.swift */ = {isa = PBXFileReference; fileEncoding = 4; lastKnownFileType = sourcecode.swift; path = DoubleLabelTableViewCell.swift; sourceTree = "<group>"; };
		AA3F3FB8203164DB00920014 /* TextViewTableViewCell.swift */ = {isa = PBXFileReference; fileEncoding = 4; lastKnownFileType = sourcecode.swift; path = TextViewTableViewCell.swift; sourceTree = "<group>"; };
/* End PBXFileReference section */

/* Begin PBXFrameworksBuildPhase section */
		AA1D4A06202D64FD00E6221D /* Frameworks */ = {
			isa = PBXFrameworksBuildPhase;
			buildActionMask = 2147483647;
			files = (
				AA1C22F82033EA440068A79D /* MapKit.framework in Frameworks */,
			);
			runOnlyForDeploymentPostprocessing = 0;
		};
/* End PBXFrameworksBuildPhase section */

/* Begin PBXGroup section */
		AA1C22EF2033B8540068A79D /* Controllers */ = {
			isa = PBXGroup;
			children = (
				AA1BAD7120327E40006C43FF /* CategoryPickerViewControllerTableViewController.swift */,
				AA1D4A0E202D64FD00E6221D /* CurrentLocationController.swift */,
				AA1C22ED2033A8A60068A79D /* LocationsViewController.swift */,
				AA1D4A10202D64FD00E6221D /* LocationDetailsViewController.swift */,
				AA1C22F42033E8920068A79D /* MapViewController.swift */,
			);
			path = Controllers;
			sourceTree = "<group>";
		};
		AA1C22F02033B8910068A79D /* Views */ = {
			isa = PBXGroup;
			children = (
				AA1C22F12033B8B50068A79D /* Custom Cells */,
				AA1BAD73203298A6006C43FF /* HudView.swift */,
				AA1D4A20202D6AD600E6221D /* Launch Screen.storyboard */,
			);
			path = Views;
			sourceTree = "<group>";
		};
		AA1C22F12033B8B50068A79D /* Custom Cells */ = {
			isa = PBXGroup;
			children = (
				AA3F3FB52031645700920014 /* DoubleLabelTableViewCell.swift */,
				AA3F3FB42031645700920014 /* SelectViaViewTableViewCell.swift */,
				AA3F3FB8203164DB00920014 /* TextViewTableViewCell.swift */,
				AA1C22F22033B9080068A79D /* SubTitleTableViewCell.swift */,
			);
			path = "Custom Cells";
			sourceTree = "<group>";
		};
		AA1C22F62033EA440068A79D /* Frameworks */ = {
			isa = PBXGroup;
			children = (
				AA1C22F72033EA440068A79D /* MapKit.framework */,
			);
			name = Frameworks;
			sourceTree = "<group>";
		};
		AA1D4A00202D64FD00E6221D = {
			isa = PBXGroup;
			children = (
				AA1BAD7A2032B304006C43FF /* Location+CoreDataClass.swift */,
				AA1BAD7B2032B304006C43FF /* Location+CoreDataProperties.swift */,
				AA1D4A0B202D64FD00E6221D /* MyLocations */,
				AA1D4A0A202D64FD00E6221D /* Products */,
				AA1C22F62033EA440068A79D /* Frameworks */,
			);
			sourceTree = "<group>";
		};
		AA1D4A0A202D64FD00E6221D /* Products */ = {
			isa = PBXGroup;
			children = (
				AA1D4A09202D64FD00E6221D /* MyLocations.app */,
			);
			name = Products;
			sourceTree = "<group>";
		};
		AA1D4A0B202D64FD00E6221D /* MyLocations */ = {
			isa = PBXGroup;
			children = (
				AA1D4A0C202D64FD00E6221D /* AppDelegate.swift */,
				AA1BAD772032B119006C43FF /* DataModel.xcdatamodeld */,
				AA1D4A15202D64FD00E6221D /* Assets.xcassets */,
				AA1D4A1A202D64FD00E6221D /* Info.plist */,
				AA1BAD7E2032B8A2006C43FF /* Functions.swift */,
				AA1C22EF2033B8540068A79D /* Controllers */,
				AA1C22F02033B8910068A79D /* Views */,
			);
			path = MyLocations;
			sourceTree = "<group>";
		};
/* End PBXGroup section */

/* Begin PBXNativeTarget section */
		AA1D4A08202D64FD00E6221D /* MyLocations */ = {
			isa = PBXNativeTarget;
			buildConfigurationList = AA1D4A1D202D64FD00E6221D /* Build configuration list for PBXNativeTarget "MyLocations" */;
			buildPhases = (
				AA1D4A05202D64FD00E6221D /* Sources */,
				AA1D4A06202D64FD00E6221D /* Frameworks */,
				AA1D4A07202D64FD00E6221D /* Resources */,
			);
			buildRules = (
			);
			dependencies = (
			);
			name = MyLocations;
			productName = MyLocations;
			productReference = AA1D4A09202D64FD00E6221D /* MyLocations.app */;
			productType = "com.apple.product-type.application";
		};
/* End PBXNativeTarget section */

/* Begin PBXProject section */
		AA1D4A01202D64FD00E6221D /* Project object */ = {
			isa = PBXProject;
			attributes = {
				LastSwiftUpdateCheck = 0920;
				LastUpgradeCheck = 0920;
				ORGANIZATIONNAME = Gridstone;
				TargetAttributes = {
					AA1D4A08202D64FD00E6221D = {
						CreatedOnToolsVersion = 9.2;
						ProvisioningStyle = Automatic;
						SystemCapabilities = {
							com.apple.Maps.iOS = {
								enabled = 1;
							};
						};
					};
				};
			};
			buildConfigurationList = AA1D4A04202D64FD00E6221D /* Build configuration list for PBXProject "MyLocations" */;
			compatibilityVersion = "Xcode 8.0";
			developmentRegion = en;
			hasScannedForEncodings = 0;
			knownRegions = (
				en,
				Base,
			);
			mainGroup = AA1D4A00202D64FD00E6221D;
			productRefGroup = AA1D4A0A202D64FD00E6221D /* Products */;
			projectDirPath = "";
			projectRoot = "";
			targets = (
				AA1D4A08202D64FD00E6221D /* MyLocations */,
			);
		};
/* End PBXProject section */

/* Begin PBXResourcesBuildPhase section */
		AA1D4A07202D64FD00E6221D /* Resources */ = {
			isa = PBXResourcesBuildPhase;
			buildActionMask = 2147483647;
			files = (
				AA1D4A21202D6AD600E6221D /* Launch Screen.storyboard in Resources */,
				AA1D4A16202D64FD00E6221D /* Assets.xcassets in Resources */,
			);
			runOnlyForDeploymentPostprocessing = 0;
		};
/* End PBXResourcesBuildPhase section */

/* Begin PBXSourcesBuildPhase section */
		AA1D4A05202D64FD00E6221D /* Sources */ = {
			isa = PBXSourcesBuildPhase;
			buildActionMask = 2147483647;
			files = (
				AA1D4A11202D64FD00E6221D /* LocationDetailsViewController.swift in Sources */,
				AA1D4A0D202D64FD00E6221D /* AppDelegate.swift in Sources */,
				AA1BAD7D2032B304006C43FF /* Location+CoreDataProperties.swift in Sources */,
				AA1C22F32033B9080068A79D /* SubTitleTableViewCell.swift in Sources */,
				AA1BAD7220327E40006C43FF /* CategoryPickerViewControllerTableViewController.swift in Sources */,
				AA3F3FB72031645700920014 /* DoubleLabelTableViewCell.swift in Sources */,
				AA1BAD74203298A6006C43FF /* HudView.swift in Sources */,
				AA1BAD792032B119006C43FF /* DataModel.xcdatamodeld in Sources */,
				AA3F3FB9203164DB00920014 /* TextViewTableViewCell.swift in Sources */,
				AA1C22EE2033A8A60068A79D /* LocationsViewController.swift in Sources */,
				AA3F3FB62031645700920014 /* SelectViaViewTableViewCell.swift in Sources */,
				AA1BAD7C2032B304006C43FF /* Location+CoreDataClass.swift in Sources */,
				AA1D4A0F202D64FD00E6221D /* CurrentLocationController.swift in Sources */,
				AA1C22F52033E8920068A79D /* MapViewController.swift in Sources */,
				AA1BAD7F2032B8A2006C43FF /* Functions.swift in Sources */,
			);
			runOnlyForDeploymentPostprocessing = 0;
		};
/* End PBXSourcesBuildPhase section */

/* Begin XCBuildConfiguration section */
		AA1D4A1B202D64FD00E6221D /* Debug */ = {
			isa = XCBuildConfiguration;
			buildSettings = {
				ALWAYS_SEARCH_USER_PATHS = NO;
				CLANG_ANALYZER_NONNULL = YES;
				CLANG_ANALYZER_NUMBER_OBJECT_CONVERSION = YES_AGGRESSIVE;
				CLANG_CXX_LANGUAGE_STANDARD = "gnu++14";
				CLANG_CXX_LIBRARY = "libc++";
				CLANG_ENABLE_MODULES = YES;
				CLANG_ENABLE_OBJC_ARC = YES;
				CLANG_WARN_BLOCK_CAPTURE_AUTORELEASING = YES;
				CLANG_WARN_BOOL_CONVERSION = YES;
				CLANG_WARN_COMMA = YES;
				CLANG_WARN_CONSTANT_CONVERSION = YES;
				CLANG_WARN_DIRECT_OBJC_ISA_USAGE = YES_ERROR;
				CLANG_WARN_DOCUMENTATION_COMMENTS = YES;
				CLANG_WARN_EMPTY_BODY = YES;
				CLANG_WARN_ENUM_CONVERSION = YES;
				CLANG_WARN_INFINITE_RECURSION = YES;
				CLANG_WARN_INT_CONVERSION = YES;
				CLANG_WARN_NON_LITERAL_NULL_CONVERSION = YES;
				CLANG_WARN_OBJC_LITERAL_CONVERSION = YES;
				CLANG_WARN_OBJC_ROOT_CLASS = YES_ERROR;
				CLANG_WARN_RANGE_LOOP_ANALYSIS = YES;
				CLANG_WARN_STRICT_PROTOTYPES = YES;
				CLANG_WARN_SUSPICIOUS_MOVE = YES;
				CLANG_WARN_UNGUARDED_AVAILABILITY = YES_AGGRESSIVE;
				CLANG_WARN_UNREACHABLE_CODE = YES;
				CLANG_WARN__DUPLICATE_METHOD_MATCH = YES;
				CODE_SIGN_IDENTITY = "iPhone Developer";
				COPY_PHASE_STRIP = NO;
				DEBUG_INFORMATION_FORMAT = dwarf;
				ENABLE_STRICT_OBJC_MSGSEND = YES;
				ENABLE_TESTABILITY = YES;
				GCC_C_LANGUAGE_STANDARD = gnu11;
				GCC_DYNAMIC_NO_PIC = NO;
				GCC_NO_COMMON_BLOCKS = YES;
				GCC_OPTIMIZATION_LEVEL = 0;
				GCC_PREPROCESSOR_DEFINITIONS = (
					"DEBUG=1",
					"$(inherited)",
				);
				GCC_WARN_64_TO_32_BIT_CONVERSION = YES;
				GCC_WARN_ABOUT_RETURN_TYPE = YES_ERROR;
				GCC_WARN_UNDECLARED_SELECTOR = YES;
				GCC_WARN_UNINITIALIZED_AUTOS = YES_AGGRESSIVE;
				GCC_WARN_UNUSED_FUNCTION = YES;
				GCC_WARN_UNUSED_VARIABLE = YES;
				IPHONEOS_DEPLOYMENT_TARGET = 11.2;
				MTL_ENABLE_DEBUG_INFO = YES;
				ONLY_ACTIVE_ARCH = YES;
				SDKROOT = iphoneos;
				SWIFT_ACTIVE_COMPILATION_CONDITIONS = DEBUG;
				SWIFT_OPTIMIZATION_LEVEL = "-Onone";
			};
			name = Debug;
		};
		AA1D4A1C202D64FD00E6221D /* Release */ = {
			isa = XCBuildConfiguration;
			buildSettings = {
				ALWAYS_SEARCH_USER_PATHS = NO;
				CLANG_ANALYZER_NONNULL = YES;
				CLANG_ANALYZER_NUMBER_OBJECT_CONVERSION = YES_AGGRESSIVE;
				CLANG_CXX_LANGUAGE_STANDARD = "gnu++14";
				CLANG_CXX_LIBRARY = "libc++";
				CLANG_ENABLE_MODULES = YES;
				CLANG_ENABLE_OBJC_ARC = YES;
				CLANG_WARN_BLOCK_CAPTURE_AUTORELEASING = YES;
				CLANG_WARN_BOOL_CONVERSION = YES;
				CLANG_WARN_COMMA = YES;
				CLANG_WARN_CONSTANT_CONVERSION = YES;
				CLANG_WARN_DIRECT_OBJC_ISA_USAGE = YES_ERROR;
				CLANG_WARN_DOCUMENTATION_COMMENTS = YES;
				CLANG_WARN_EMPTY_BODY = YES;
				CLANG_WARN_ENUM_CONVERSION = YES;
				CLANG_WARN_INFINITE_RECURSION = YES;
				CLANG_WARN_INT_CONVERSION = YES;
				CLANG_WARN_NON_LITERAL_NULL_CONVERSION = YES;
				CLANG_WARN_OBJC_LITERAL_CONVERSION = YES;
				CLANG_WARN_OBJC_ROOT_CLASS = YES_ERROR;
				CLANG_WARN_RANGE_LOOP_ANALYSIS = YES;
				CLANG_WARN_STRICT_PROTOTYPES = YES;
				CLANG_WARN_SUSPICIOUS_MOVE = YES;
				CLANG_WARN_UNGUARDED_AVAILABILITY = YES_AGGRESSIVE;
				CLANG_WARN_UNREACHABLE_CODE = YES;
				CLANG_WARN__DUPLICATE_METHOD_MATCH = YES;
				CODE_SIGN_IDENTITY = "iPhone Developer";
				COPY_PHASE_STRIP = NO;
				DEBUG_INFORMATION_FORMAT = "dwarf-with-dsym";
				ENABLE_NS_ASSERTIONS = NO;
				ENABLE_STRICT_OBJC_MSGSEND = YES;
				GCC_C_LANGUAGE_STANDARD = gnu11;
				GCC_NO_COMMON_BLOCKS = YES;
				GCC_WARN_64_TO_32_BIT_CONVERSION = YES;
				GCC_WARN_ABOUT_RETURN_TYPE = YES_ERROR;
				GCC_WARN_UNDECLARED_SELECTOR = YES;
				GCC_WARN_UNINITIALIZED_AUTOS = YES_AGGRESSIVE;
				GCC_WARN_UNUSED_FUNCTION = YES;
				GCC_WARN_UNUSED_VARIABLE = YES;
				IPHONEOS_DEPLOYMENT_TARGET = 11.2;
				MTL_ENABLE_DEBUG_INFO = NO;
				SDKROOT = iphoneos;
				SWIFT_OPTIMIZATION_LEVEL = "-Owholemodule";
				VALIDATE_PRODUCT = YES;
			};
			name = Release;
		};
		AA1D4A1E202D64FD00E6221D /* Debug */ = {
			isa = XCBuildConfiguration;
			buildSettings = {
				ASSETCATALOG_COMPILER_APPICON_NAME = AppIcon;
				CODE_SIGN_STYLE = Automatic;
				DEVELOPMENT_TEAM = FNW7L4X44S;
				INFOPLIST_FILE = MyLocations/Info.plist;
				IPHONEOS_DEPLOYMENT_TARGET = 11.0;
				LD_RUNPATH_SEARCH_PATHS = "$(inherited) @executable_path/Frameworks";
				PRODUCT_BUNDLE_IDENTIFIER = Gridstone.Christian.Vassallo.MyLocations;
				PRODUCT_NAME = "$(TARGET_NAME)";
				SWIFT_VERSION = 4.0;
				TARGETED_DEVICE_FAMILY = "1,2";
			};
			name = Debug;
		};
		AA1D4A1F202D64FD00E6221D /* Release */ = {
			isa = XCBuildConfiguration;
			buildSettings = {
				ASSETCATALOG_COMPILER_APPICON_NAME = AppIcon;
				CODE_SIGN_STYLE = Automatic;
				DEVELOPMENT_TEAM = FNW7L4X44S;
				INFOPLIST_FILE = MyLocations/Info.plist;
				IPHONEOS_DEPLOYMENT_TARGET = 11.0;
				LD_RUNPATH_SEARCH_PATHS = "$(inherited) @executable_path/Frameworks";
				PRODUCT_BUNDLE_IDENTIFIER = Gridstone.Christian.Vassallo.MyLocations;
				PRODUCT_NAME = "$(TARGET_NAME)";
				SWIFT_VERSION = 4.0;
				TARGETED_DEVICE_FAMILY = "1,2";
			};
			name = Release;
		};
/* End XCBuildConfiguration section */

/* Begin XCConfigurationList section */
		AA1D4A04202D64FD00E6221D /* Build configuration list for PBXProject "MyLocations" */ = {
			isa = XCConfigurationList;
			buildConfigurations = (
				AA1D4A1B202D64FD00E6221D /* Debug */,
				AA1D4A1C202D64FD00E6221D /* Release */,
			);
			defaultConfigurationIsVisible = 0;
			defaultConfigurationName = Release;
		};
		AA1D4A1D202D64FD00E6221D /* Build configuration list for PBXNativeTarget "MyLocations" */ = {
			isa = XCConfigurationList;
			buildConfigurations = (
				AA1D4A1E202D64FD00E6221D /* Debug */,
				AA1D4A1F202D64FD00E6221D /* Release */,
			);
			defaultConfigurationIsVisible = 0;
			defaultConfigurationName = Release;
		};
/* End XCConfigurationList section */

/* Begin XCVersionGroup section */
		AA1BAD772032B119006C43FF /* DataModel.xcdatamodeld */ = {
			isa = XCVersionGroup;
			children = (
				AA1BAD782032B119006C43FF /* Model.xcdatamodel */,
			);
			currentVersion = AA1BAD782032B119006C43FF /* Model.xcdatamodel */;
			path = DataModel.xcdatamodeld;
			sourceTree = "<group>";
			versionGroupType = wrapper.xcdatamodel;
		};
/* End XCVersionGroup section */
	};
	rootObject = AA1D4A01202D64FD00E6221D /* Project object */;
}
